
Microsoft Visual Studio Solution File, Format Version 12.00
# Visual Studio Version 16
VisualStudioVersion = 16.0.31729.503
MinimumVisualStudioVersion = 10.0.40219.1
Project("{FAE04EC0-301F-11D3-BF4B-00C04F79EFBC}") = "Ders1_Koleksiyon", "Ders1_Koleksiyon\Ders1_Koleksiyon.csproj", "{D449AA8F-C461-4610-98E9-6E0F9C831526}"
EndProject
Global
	GlobalSection(SolutionConfigurationPlatforms) = preSolution
		Debug|Any CPU = Debug|Any CPU
		Release|Any CPU = Release|Any CPU
	EndGlobalSection
	GlobalSection(ProjectConfigurationPlatforms) = postSolution
		{D449AA8F-C461-4610-98E9-6E0F9C831526}.Debug|Any CPU.ActiveCfg = Debug|Any CPU
		{D449AA8F-C461-4610-98E9-6E0F9C831526}.Debug|Any CPU.Build.0 = Debug|Any CPU
		{D449AA8F-C461-4610-98E9-6E0F9C831526}.Release|Any CPU.ActiveCfg = Release|Any CPU
		{D449AA8F-C461-4610-98E9-6E0F9C831526}.Release|Any CPU.Build.0 = Release|Any CPU
	EndGlobalSection
	GlobalSection(SolutionProperties) = preSolution
		HideSolutionNode = FALSE
	EndGlobalSection
	GlobalSection(ExtensibilityGlobals) = postSolution
		SolutionGuid = {0B75F75A-05B4-46C2-BB7A-E13098ECAED2}
	EndGlobalSection
EndGlobal
