
Microsoft Visual Studio Solution File, Format Version 12.00
# Visual Studio Version 16
VisualStudioVersion = 16.0.31729.503
MinimumVisualStudioVersion = 10.0.40219.1
Project("{FAE04EC0-301F-11D3-BF4B-00C04F79EFBC}") = "Ders2_Odev5_Uygulama", "Ders2_Odev5_Uygulama\Ders2_Odev5_Uygulama.csproj", "{BFFB3088-EE66-45F5-9752-0DD29A711FDA}"
EndProject
Global
	GlobalSection(SolutionConfigurationPlatforms) = preSolution
		Debug|Any CPU = Debug|Any CPU
		Release|Any CPU = Release|Any CPU
	EndGlobalSection
	GlobalSection(ProjectConfigurationPlatforms) = postSolution
		{BFFB3088-EE66-45F5-9752-0DD29A711FDA}.Debug|Any CPU.ActiveCfg = Debug|Any CPU
		{BFFB3088-EE66-45F5-9752-0DD29A711FDA}.Debug|Any CPU.Build.0 = Debug|Any CPU
		{BFFB3088-EE66-45F5-9752-0DD29A711FDA}.Release|Any CPU.ActiveCfg = Release|Any CPU
		{BFFB3088-EE66-45F5-9752-0DD29A711FDA}.Release|Any CPU.Build.0 = Release|Any CPU
	EndGlobalSection
	GlobalSection(SolutionProperties) = preSolution
		HideSolutionNode = FALSE
	EndGlobalSection
	GlobalSection(ExtensibilityGlobals) = postSolution
		SolutionGuid = {95357929-970F-4D01-A250-E313D0C0CA7A}
	EndGlobalSection
EndGlobal
