<<<<<<< HEAD
<<<<<<< HEAD
﻿
Microsoft Visual Studio Solution File, Format Version 12.00
# Visual Studio Version 16
VisualStudioVersion = 16.0.31729.503
MinimumVisualStudioVersion = 10.0.40219.1
Project("{FAE04EC0-301F-11D3-BF4B-00C04F79EFBC}") = "Ders7_Odev2", "Ders7_Odev2\Ders7_Odev2.csproj", "{1B3663E6-3B81-4548-AF01-2022A77CF0B2}"
EndProject
Global
	GlobalSection(SolutionConfigurationPlatforms) = preSolution
		Debug|Any CPU = Debug|Any CPU
		Release|Any CPU = Release|Any CPU
	EndGlobalSection
	GlobalSection(ProjectConfigurationPlatforms) = postSolution
		{1B3663E6-3B81-4548-AF01-2022A77CF0B2}.Debug|Any CPU.ActiveCfg = Debug|Any CPU
		{1B3663E6-3B81-4548-AF01-2022A77CF0B2}.Debug|Any CPU.Build.0 = Debug|Any CPU
		{1B3663E6-3B81-4548-AF01-2022A77CF0B2}.Release|Any CPU.ActiveCfg = Release|Any CPU
		{1B3663E6-3B81-4548-AF01-2022A77CF0B2}.Release|Any CPU.Build.0 = Release|Any CPU
	EndGlobalSection
	GlobalSection(SolutionProperties) = preSolution
		HideSolutionNode = FALSE
	EndGlobalSection
	GlobalSection(ExtensibilityGlobals) = postSolution
		SolutionGuid = {F62C03B8-F407-44C1-AF59-C468C62174F1}
	EndGlobalSection
EndGlobal
=======
﻿
Microsoft Visual Studio Solution File, Format Version 12.00
# Visual Studio Version 16
VisualStudioVersion = 16.0.31729.503
MinimumVisualStudioVersion = 10.0.40219.1
Project("{FAE04EC0-301F-11D3-BF4B-00C04F79EFBC}") = "Ders7_Odev2", "Ders7_Odev2\Ders7_Odev2.csproj", "{1B3663E6-3B81-4548-AF01-2022A77CF0B2}"
EndProject
Global
	GlobalSection(SolutionConfigurationPlatforms) = preSolution
		Debug|Any CPU = Debug|Any CPU
		Release|Any CPU = Release|Any CPU
	EndGlobalSection
	GlobalSection(ProjectConfigurationPlatforms) = postSolution
		{1B3663E6-3B81-4548-AF01-2022A77CF0B2}.Debug|Any CPU.ActiveCfg = Debug|Any CPU
		{1B3663E6-3B81-4548-AF01-2022A77CF0B2}.Debug|Any CPU.Build.0 = Debug|Any CPU
		{1B3663E6-3B81-4548-AF01-2022A77CF0B2}.Release|Any CPU.ActiveCfg = Release|Any CPU
		{1B3663E6-3B81-4548-AF01-2022A77CF0B2}.Release|Any CPU.Build.0 = Release|Any CPU
	EndGlobalSection
	GlobalSection(SolutionProperties) = preSolution
		HideSolutionNode = FALSE
	EndGlobalSection
	GlobalSection(ExtensibilityGlobals) = postSolution
		SolutionGuid = {F62C03B8-F407-44C1-AF59-C468C62174F1}
	EndGlobalSection
EndGlobal
>>>>>>> f4b0bdcc5788429c9acae95480d667bbed9a1c89
=======
﻿
Microsoft Visual Studio Solution File, Format Version 12.00
# Visual Studio Version 16
VisualStudioVersion = 16.0.31729.503
MinimumVisualStudioVersion = 10.0.40219.1
Project("{FAE04EC0-301F-11D3-BF4B-00C04F79EFBC}") = "Ders7_Odev2", "Ders7_Odev2\Ders7_Odev2.csproj", "{1B3663E6-3B81-4548-AF01-2022A77CF0B2}"
EndProject
Global
	GlobalSection(SolutionConfigurationPlatforms) = preSolution
		Debug|Any CPU = Debug|Any CPU
		Release|Any CPU = Release|Any CPU
	EndGlobalSection
	GlobalSection(ProjectConfigurationPlatforms) = postSolution
		{1B3663E6-3B81-4548-AF01-2022A77CF0B2}.Debug|Any CPU.ActiveCfg = Debug|Any CPU
		{1B3663E6-3B81-4548-AF01-2022A77CF0B2}.Debug|Any CPU.Build.0 = Debug|Any CPU
		{1B3663E6-3B81-4548-AF01-2022A77CF0B2}.Release|Any CPU.ActiveCfg = Release|Any CPU
		{1B3663E6-3B81-4548-AF01-2022A77CF0B2}.Release|Any CPU.Build.0 = Release|Any CPU
	EndGlobalSection
	GlobalSection(SolutionProperties) = preSolution
		HideSolutionNode = FALSE
	EndGlobalSection
	GlobalSection(ExtensibilityGlobals) = postSolution
		SolutionGuid = {F62C03B8-F407-44C1-AF59-C468C62174F1}
	EndGlobalSection
EndGlobal
>>>>>>> f4b0bdcc5788429c9acae95480d667bbed9a1c89
