
Microsoft Visual Studio Solution File, Format Version 12.00
# Visual Studio Version 16
VisualStudioVersion = 16.0.31729.503
MinimumVisualStudioVersion = 10.0.40219.1
Project("{FAE04EC0-301F-11D3-BF4B-00C04F79EFBC}") = "Ders1_Constructers", "Ders1_Constructers\Ders1_Constructers.csproj", "{7258975E-9B34-4065-83D5-C99507AC51CE}"
EndProject
Global
	GlobalSection(SolutionConfigurationPlatforms) = preSolution
		Debug|Any CPU = Debug|Any CPU
		Release|Any CPU = Release|Any CPU
	EndGlobalSection
	GlobalSection(ProjectConfigurationPlatforms) = postSolution
		{7258975E-9B34-4065-83D5-C99507AC51CE}.Debug|Any CPU.ActiveCfg = Debug|Any CPU
		{7258975E-9B34-4065-83D5-C99507AC51CE}.Debug|Any CPU.Build.0 = Debug|Any CPU
		{7258975E-9B34-4065-83D5-C99507AC51CE}.Release|Any CPU.ActiveCfg = Release|Any CPU
		{7258975E-9B34-4065-83D5-C99507AC51CE}.Release|Any CPU.Build.0 = Release|Any CPU
	EndGlobalSection
	GlobalSection(SolutionProperties) = preSolution
		HideSolutionNode = FALSE
	EndGlobalSection
	GlobalSection(ExtensibilityGlobals) = postSolution
		SolutionGuid = {67CC7BE0-FCC3-472D-8E60-E22D7E7D5260}
	EndGlobalSection
EndGlobal
