
Microsoft Visual Studio Solution File, Format Version 12.00
# Visual Studio Version 16
VisualStudioVersion = 16.0.31729.503
MinimumVisualStudioVersion = 10.0.40219.1
Project("{FAE04EC0-301F-11D3-BF4B-00C04F79EFBC}") = "Ders2", "Ders2\Ders2.csproj", "{37EE62DE-2DB4-48A4-9391-D04C193E0392}"
EndProject
Project("{FAE04EC0-301F-11D3-BF4B-00C04F79EFBC}") = "Ders2_Interface", "..\Ders2_Interface\Ders2_Interface.csproj", "{6DB79D53-C376-4297-987C-48389595DC1D}"
EndProject
Global
	GlobalSection(SolutionConfigurationPlatforms) = preSolution
		Debug|Any CPU = Debug|Any CPU
		Release|Any CPU = Release|Any CPU
	EndGlobalSection
	GlobalSection(ProjectConfigurationPlatforms) = postSolution
		{37EE62DE-2DB4-48A4-9391-D04C193E0392}.Debug|Any CPU.ActiveCfg = Debug|Any CPU
		{37EE62DE-2DB4-48A4-9391-D04C193E0392}.Debug|Any CPU.Build.0 = Debug|Any CPU
		{37EE62DE-2DB4-48A4-9391-D04C193E0392}.Release|Any CPU.ActiveCfg = Release|Any CPU
		{37EE62DE-2DB4-48A4-9391-D04C193E0392}.Release|Any CPU.Build.0 = Release|Any CPU
		{6DB79D53-C376-4297-987C-48389595DC1D}.Debug|Any CPU.ActiveCfg = Debug|Any CPU
		{6DB79D53-C376-4297-987C-48389595DC1D}.Debug|Any CPU.Build.0 = Debug|Any CPU
		{6DB79D53-C376-4297-987C-48389595DC1D}.Release|Any CPU.ActiveCfg = Release|Any CPU
		{6DB79D53-C376-4297-987C-48389595DC1D}.Release|Any CPU.Build.0 = Release|Any CPU
	EndGlobalSection
	GlobalSection(SolutionProperties) = preSolution
		HideSolutionNode = FALSE
	EndGlobalSection
	GlobalSection(ExtensibilityGlobals) = postSolution
		SolutionGuid = {123C9DA2-76DB-4F17-A364-DD321BABB9BE}
	EndGlobalSection
EndGlobal
