
Microsoft Visual Studio Solution File, Format Version 12.00
# Visual Studio Version 16
VisualStudioVersion = 16.0.31729.503
MinimumVisualStudioVersion = 10.0.40219.1
Project("{FAE04EC0-301F-11D3-BF4B-00C04F79EFBC}") = "Ders2_Odev2_Interface", "Ders2_Odev2_Interface\Ders2_Odev2_Interface.csproj", "{8737AE60-5F55-4684-9B7E-8D015E21CD95}"
EndProject
Global
	GlobalSection(SolutionConfigurationPlatforms) = preSolution
		Debug|Any CPU = Debug|Any CPU
		Release|Any CPU = Release|Any CPU
	EndGlobalSection
	GlobalSection(ProjectConfigurationPlatforms) = postSolution
		{8737AE60-5F55-4684-9B7E-8D015E21CD95}.Debug|Any CPU.ActiveCfg = Debug|Any CPU
		{8737AE60-5F55-4684-9B7E-8D015E21CD95}.Debug|Any CPU.Build.0 = Debug|Any CPU
		{8737AE60-5F55-4684-9B7E-8D015E21CD95}.Release|Any CPU.ActiveCfg = Release|Any CPU
		{8737AE60-5F55-4684-9B7E-8D015E21CD95}.Release|Any CPU.Build.0 = Release|Any CPU
	EndGlobalSection
	GlobalSection(SolutionProperties) = preSolution
		HideSolutionNode = FALSE
	EndGlobalSection
	GlobalSection(ExtensibilityGlobals) = postSolution
		SolutionGuid = {C5E1A49D-6B8C-4D76-A168-19C013D0B8B5}
	EndGlobalSection
EndGlobal
