
Microsoft Visual Studio Solution File, Format Version 12.00
# Visual Studio Version 16
VisualStudioVersion = 16.0.31729.503
MinimumVisualStudioVersion = 10.0.40219.1
Project("{FAE04EC0-301F-11D3-BF4B-00C04F79EFBC}") = "Ders2_Odev1_Devam", "Ders2_Odev1_Devam\Ders2_Odev1_Devam.csproj", "{95F36292-0947-4900-93C0-D0B12D8741D2}"
EndProject
Global
	GlobalSection(SolutionConfigurationPlatforms) = preSolution
		Debug|Any CPU = Debug|Any CPU
		Release|Any CPU = Release|Any CPU
	EndGlobalSection
	GlobalSection(ProjectConfigurationPlatforms) = postSolution
		{95F36292-0947-4900-93C0-D0B12D8741D2}.Debug|Any CPU.ActiveCfg = Debug|Any CPU
		{95F36292-0947-4900-93C0-D0B12D8741D2}.Debug|Any CPU.Build.0 = Debug|Any CPU
		{95F36292-0947-4900-93C0-D0B12D8741D2}.Release|Any CPU.ActiveCfg = Release|Any CPU
		{95F36292-0947-4900-93C0-D0B12D8741D2}.Release|Any CPU.Build.0 = Release|Any CPU
	EndGlobalSection
	GlobalSection(SolutionProperties) = preSolution
		HideSolutionNode = FALSE
	EndGlobalSection
	GlobalSection(ExtensibilityGlobals) = postSolution
		SolutionGuid = {F1CC066A-DF36-4D4B-B79D-75C4C96883A8}
	EndGlobalSection
EndGlobal
