
Microsoft Visual Studio Solution File, Format Version 12.00
# Visual Studio Version 16
VisualStudioVersion = 16.0.31729.503
MinimumVisualStudioVersion = 10.0.40219.1
Project("{FAE04EC0-301F-11D3-BF4B-00C04F79EFBC}") = "Ders2_Odev1", "Ders2_Odev1\Ders2_Odev1.csproj", "{1C5B0090-9D04-4BE2-B45B-AE87F925F17F}"
EndProject
Project("{FAE04EC0-301F-11D3-BF4B-00C04F79EFBC}") = "Dama_Tahtası_Uygulama", "..\Dama_Tahtası_Uygulama\Dama_Tahtası_Uygulama.csproj", "{4C324608-A1D1-4A1D-B0FB-5BF9690C4B75}"
EndProject
Global
	GlobalSection(SolutionConfigurationPlatforms) = preSolution
		Debug|Any CPU = Debug|Any CPU
		Release|Any CPU = Release|Any CPU
	EndGlobalSection
	GlobalSection(ProjectConfigurationPlatforms) = postSolution
		{1C5B0090-9D04-4BE2-B45B-AE87F925F17F}.Debug|Any CPU.ActiveCfg = Debug|Any CPU
		{1C5B0090-9D04-4BE2-B45B-AE87F925F17F}.Debug|Any CPU.Build.0 = Debug|Any CPU
		{1C5B0090-9D04-4BE2-B45B-AE87F925F17F}.Release|Any CPU.ActiveCfg = Release|Any CPU
		{1C5B0090-9D04-4BE2-B45B-AE87F925F17F}.Release|Any CPU.Build.0 = Release|Any CPU
		{4C324608-A1D1-4A1D-B0FB-5BF9690C4B75}.Debug|Any CPU.ActiveCfg = Debug|Any CPU
		{4C324608-A1D1-4A1D-B0FB-5BF9690C4B75}.Debug|Any CPU.Build.0 = Debug|Any CPU
		{4C324608-A1D1-4A1D-B0FB-5BF9690C4B75}.Release|Any CPU.ActiveCfg = Release|Any CPU
		{4C324608-A1D1-4A1D-B0FB-5BF9690C4B75}.Release|Any CPU.Build.0 = Release|Any CPU
	EndGlobalSection
	GlobalSection(SolutionProperties) = preSolution
		HideSolutionNode = FALSE
	EndGlobalSection
	GlobalSection(ExtensibilityGlobals) = postSolution
		SolutionGuid = {23E2B993-749C-4405-BD80-50C967DF4D34}
	EndGlobalSection
EndGlobal
