
Microsoft Visual Studio Solution File, Format Version 12.00
# Visual Studio Version 16
VisualStudioVersion = 16.0.31729.503
MinimumVisualStudioVersion = 10.0.40219.1
Project("{FAE04EC0-301F-11D3-BF4B-00C04F79EFBC}") = "Ders2_Odev4", "Ders2_Odev4\Ders2_Odev4.csproj", "{55D2EC48-381C-4920-BE4F-9A410CAC6017}"
EndProject
Global
	GlobalSection(SolutionConfigurationPlatforms) = preSolution
		Debug|Any CPU = Debug|Any CPU
		Release|Any CPU = Release|Any CPU
	EndGlobalSection
	GlobalSection(ProjectConfigurationPlatforms) = postSolution
		{55D2EC48-381C-4920-BE4F-9A410CAC6017}.Debug|Any CPU.ActiveCfg = Debug|Any CPU
		{55D2EC48-381C-4920-BE4F-9A410CAC6017}.Debug|Any CPU.Build.0 = Debug|Any CPU
		{55D2EC48-381C-4920-BE4F-9A410CAC6017}.Release|Any CPU.ActiveCfg = Release|Any CPU
		{55D2EC48-381C-4920-BE4F-9A410CAC6017}.Release|Any CPU.Build.0 = Release|Any CPU
	EndGlobalSection
	GlobalSection(SolutionProperties) = preSolution
		HideSolutionNode = FALSE
	EndGlobalSection
	GlobalSection(ExtensibilityGlobals) = postSolution
		SolutionGuid = {1F4E9B0B-D401-45A9-83FD-ABE1B660D6D9}
	EndGlobalSection
EndGlobal
