
Microsoft Visual Studio Solution File, Format Version 12.00
# Visual Studio Version 16
VisualStudioVersion = 16.0.31729.503
MinimumVisualStudioVersion = 10.0.40219.1
Project("{FAE04EC0-301F-11D3-BF4B-00C04F79EFBC}") = "DERSS2_INTERFACE", "DERSS2_INTERFACE\DERSS2_INTERFACE.csproj", "{BF42E86F-28C7-42B0-8B88-ED4821811620}"
EndProject
Global
	GlobalSection(SolutionConfigurationPlatforms) = preSolution
		Debug|Any CPU = Debug|Any CPU
		Release|Any CPU = Release|Any CPU
	EndGlobalSection
	GlobalSection(ProjectConfigurationPlatforms) = postSolution
		{BF42E86F-28C7-42B0-8B88-ED4821811620}.Debug|Any CPU.ActiveCfg = Debug|Any CPU
		{BF42E86F-28C7-42B0-8B88-ED4821811620}.Debug|Any CPU.Build.0 = Debug|Any CPU
		{BF42E86F-28C7-42B0-8B88-ED4821811620}.Release|Any CPU.ActiveCfg = Release|Any CPU
		{BF42E86F-28C7-42B0-8B88-ED4821811620}.Release|Any CPU.Build.0 = Release|Any CPU
	EndGlobalSection
	GlobalSection(SolutionProperties) = preSolution
		HideSolutionNode = FALSE
	EndGlobalSection
	GlobalSection(ExtensibilityGlobals) = postSolution
		SolutionGuid = {C6A571AD-BB8B-4457-B549-31B504C55B66}
	EndGlobalSection
EndGlobal
