
Microsoft Visual Studio Solution File, Format Version 12.00
# Visual Studio Version 16
VisualStudioVersion = 16.0.31729.503
MinimumVisualStudioVersion = 10.0.40219.1
Project("{FAE04EC0-301F-11D3-BF4B-00C04F79EFBC}") = "Coklu_Implementasyon", "Coklu_Implementasyon\Coklu_Implementasyon.csproj", "{4E6D7800-23C7-48F6-B4DE-E237D6717C7C}"
EndProject
Global
	GlobalSection(SolutionConfigurationPlatforms) = preSolution
		Debug|Any CPU = Debug|Any CPU
		Release|Any CPU = Release|Any CPU
	EndGlobalSection
	GlobalSection(ProjectConfigurationPlatforms) = postSolution
		{4E6D7800-23C7-48F6-B4DE-E237D6717C7C}.Debug|Any CPU.ActiveCfg = Debug|Any CPU
		{4E6D7800-23C7-48F6-B4DE-E237D6717C7C}.Debug|Any CPU.Build.0 = Debug|Any CPU
		{4E6D7800-23C7-48F6-B4DE-E237D6717C7C}.Release|Any CPU.ActiveCfg = Release|Any CPU
		{4E6D7800-23C7-48F6-B4DE-E237D6717C7C}.Release|Any CPU.Build.0 = Release|Any CPU
	EndGlobalSection
	GlobalSection(SolutionProperties) = preSolution
		HideSolutionNode = FALSE
	EndGlobalSection
	GlobalSection(ExtensibilityGlobals) = postSolution
		SolutionGuid = {1EAF2B09-ADDC-406B-8A9D-FED51A8E07FE}
	EndGlobalSection
EndGlobal
