
Microsoft Visual Studio Solution File, Format Version 12.00
# Visual Studio Version 16
VisualStudioVersion = 16.0.31729.503
MinimumVisualStudioVersion = 10.0.40219.1
Project("{FAE04EC0-301F-11D3-BF4B-00C04F79EFBC}") = "Ders8_Odev2", "Ders8_Odev2\Ders8_Odev2.csproj", "{D075B90C-8D45-47F9-A1B9-1191C69AB624}"
EndProject
Global
	GlobalSection(SolutionConfigurationPlatforms) = preSolution
		Debug|Any CPU = Debug|Any CPU
		Release|Any CPU = Release|Any CPU
	EndGlobalSection
	GlobalSection(ProjectConfigurationPlatforms) = postSolution
		{D075B90C-8D45-47F9-A1B9-1191C69AB624}.Debug|Any CPU.ActiveCfg = Debug|Any CPU
		{D075B90C-8D45-47F9-A1B9-1191C69AB624}.Debug|Any CPU.Build.0 = Debug|Any CPU
		{D075B90C-8D45-47F9-A1B9-1191C69AB624}.Release|Any CPU.ActiveCfg = Release|Any CPU
		{D075B90C-8D45-47F9-A1B9-1191C69AB624}.Release|Any CPU.Build.0 = Release|Any CPU
	EndGlobalSection
	GlobalSection(SolutionProperties) = preSolution
		HideSolutionNode = FALSE
	EndGlobalSection
	GlobalSection(ExtensibilityGlobals) = postSolution
		SolutionGuid = {000469A6-5F07-480C-A539-EB9837868639}
	EndGlobalSection
EndGlobal
